// !$*UTF8*$!
{
	archiveVersion = 1;
	classes = {
	};
	objectVersion = 46;
	objects = {

/* Begin PBXBuildFile section */
		441118F71C0D34C1005035F6 /* HRSeachBar.m in Sources */ = {isa = PBXBuildFile; fileRef = 441118F61C0D34C1005035F6 /* HRSeachBar.m */; };
		4473E9A81C0D97B300B33F6D /* HRTitleMenuController.m in Sources */ = {isa = PBXBuildFile; fileRef = 4473E9A71C0D97B300B33F6D /* HRTitleMenuController.m */; };
		4473E9AB1C0D982E00B33F6D /* HRDropdownMenu.m in Sources */ = {isa = PBXBuildFile; fileRef = 4473E9AA1C0D982E00B33F6D /* HRDropdownMenu.m */; };
		4473E9AE1C0DAF7300B33F6D /* HRTabBar.m in Sources */ = {isa = PBXBuildFile; fileRef = 4473E9AD1C0DAF7300B33F6D /* HRTabBar.m */; };
		447FA2241C0EDD7B0043668B /* NewFeatureViewController.m in Sources */ = {isa = PBXBuildFile; fileRef = 447FA2231C0EDD7B0043668B /* NewFeatureViewController.m */; };
		447FA2281C0EF67E0043668B /* NewFeatureTool.m in Sources */ = {isa = PBXBuildFile; fileRef = 447FA2271C0EF67E0043668B /* NewFeatureTool.m */; };
		447FA2311C0EFD880043668B /* OAuthViewController.m in Sources */ = {isa = PBXBuildFile; fileRef = 447FA2301C0EFD880043668B /* OAuthViewController.m */; };
		447FA2461C0F030B0043668B /* AFHTTPRequestOperation.m in Sources */ = {isa = PBXBuildFile; fileRef = 447FA2341C0F030B0043668B /* AFHTTPRequestOperation.m */; };
		447FA2471C0F030B0043668B /* AFHTTPRequestOperationManager.m in Sources */ = {isa = PBXBuildFile; fileRef = 447FA2361C0F030B0043668B /* AFHTTPRequestOperationManager.m */; };
		447FA2481C0F030B0043668B /* AFHTTPSessionManager.m in Sources */ = {isa = PBXBuildFile; fileRef = 447FA2381C0F030B0043668B /* AFHTTPSessionManager.m */; };
		447FA2491C0F030B0043668B /* AFNetworkReachabilityManager.m in Sources */ = {isa = PBXBuildFile; fileRef = 447FA23B1C0F030B0043668B /* AFNetworkReachabilityManager.m */; };
		447FA24A1C0F030B0043668B /* AFSecurityPolicy.m in Sources */ = {isa = PBXBuildFile; fileRef = 447FA23D1C0F030B0043668B /* AFSecurityPolicy.m */; };
		447FA24B1C0F030B0043668B /* AFURLConnectionOperation.m in Sources */ = {isa = PBXBuildFile; fileRef = 447FA23F1C0F030B0043668B /* AFURLConnectionOperation.m */; };
		447FA24C1C0F030B0043668B /* AFURLRequestSerialization.m in Sources */ = {isa = PBXBuildFile; fileRef = 447FA2411C0F030B0043668B /* AFURLRequestSerialization.m */; };
		447FA24D1C0F030B0043668B /* AFURLResponseSerialization.m in Sources */ = {isa = PBXBuildFile; fileRef = 447FA2431C0F030B0043668B /* AFURLResponseSerialization.m */; };
		447FA24E1C0F030B0043668B /* AFURLSessionManager.m in Sources */ = {isa = PBXBuildFile; fileRef = 447FA2451C0F030B0043668B /* AFURLSessionManager.m */; };
		44A669991C0BE1E700432DA5 /* HRWeiBo.xcdatamodeld in Sources */ = {isa = PBXBuildFile; fileRef = 44A669971C0BE1E700432DA5 /* HRWeiBo.xcdatamodeld */; };
		44A6699B1C0BE1E700432DA5 /* Assets.xcassets in Resources */ = {isa = PBXBuildFile; fileRef = 44A6699A1C0BE1E700432DA5 /* Assets.xcassets */; };
		44A6699E1C0BE1E700432DA5 /* LaunchScreen.storyboard in Resources */ = {isa = PBXBuildFile; fileRef = 44A6699C1C0BE1E700432DA5 /* LaunchScreen.storyboard */; };
		44A669A91C0BE1E700432DA5 /* HRWeiBoTests.m in Sources */ = {isa = PBXBuildFile; fileRef = 44A669A81C0BE1E700432DA5 /* HRWeiBoTests.m */; };
		44A669B41C0BE1E700432DA5 /* HRWeiBoUITests.m in Sources */ = {isa = PBXBuildFile; fileRef = 44A669B31C0BE1E700432DA5 /* HRWeiBoUITests.m */; };
		44A66A021C0C3A4F00432DA5 /* HRDiscoverViewController.m in Sources */ = {isa = PBXBuildFile; fileRef = 44A669DC1C0C3A4F00432DA5 /* HRDiscoverViewController.m */; };
		44A66A031C0C3A4F00432DA5 /* HRHomeViewController.m in Sources */ = {isa = PBXBuildFile; fileRef = 44A669E21C0C3A4F00432DA5 /* HRHomeViewController.m */; };
		44A66A041C0C3A4F00432DA5 /* HRNavigationController.m in Sources */ = {isa = PBXBuildFile; fileRef = 44A669E81C0C3A4F00432DA5 /* HRNavigationController.m */; };
		44A66A051C0C3A4F00432DA5 /* HRTabBarController.m in Sources */ = {isa = PBXBuildFile; fileRef = 44A669EA1C0C3A4F00432DA5 /* HRTabBarController.m */; };
		44A66A061C0C3A4F00432DA5 /* AppDelegate.m in Sources */ = {isa = PBXBuildFile; fileRef = 44A669EE1C0C3A4F00432DA5 /* AppDelegate.m */; };
		44A66A071C0C3A4F00432DA5 /* main.m in Sources */ = {isa = PBXBuildFile; fileRef = 44A669F01C0C3A4F00432DA5 /* main.m */; };
		44A66A081C0C3A4F00432DA5 /* HRMessageCenterViewController.m in Sources */ = {isa = PBXBuildFile; fileRef = 44A669F51C0C3A4F00432DA5 /* HRMessageCenterViewController.m */; };
		44A66A091C0C3A4F00432DA5 /* HRProfileViewController.m in Sources */ = {isa = PBXBuildFile; fileRef = 44A669FB1C0C3A4F00432DA5 /* HRProfileViewController.m */; };
		44A66A0D1C0C3B6A00432DA5 /* Test1ViewController.m in Sources */ = {isa = PBXBuildFile; fileRef = 44A66A0B1C0C3B6A00432DA5 /* Test1ViewController.m */; };
		44A66A0E1C0C3B6A00432DA5 /* Test1ViewController.xib in Resources */ = {isa = PBXBuildFile; fileRef = 44A66A0C1C0C3B6A00432DA5 /* Test1ViewController.xib */; };
		44A66A121C0C3BF200432DA5 /* Test2ViewController.m in Sources */ = {isa = PBXBuildFile; fileRef = 44A66A101C0C3BF200432DA5 /* Test2ViewController.m */; };
		44A66A131C0C3BF200432DA5 /* Test2ViewController.xib in Resources */ = {isa = PBXBuildFile; fileRef = 44A66A111C0C3BF200432DA5 /* Test2ViewController.xib */; };
		44A66A171C0C3BFC00432DA5 /* Test3ViewController.m in Sources */ = {isa = PBXBuildFile; fileRef = 44A66A151C0C3BFC00432DA5 /* Test3ViewController.m */; };
		44A66A181C0C3BFC00432DA5 /* Test3ViewController.xib in Resources */ = {isa = PBXBuildFile; fileRef = 44A66A161C0C3BFC00432DA5 /* Test3ViewController.xib */; };
		44A66A241C0C4DBD00432DA5 /* UIBarButtonItem+Extension.m in Sources */ = {isa = PBXBuildFile; fileRef = 44A66A211C0C4DBD00432DA5 /* UIBarButtonItem+Extension.m */; };
		44A66A251C0C4DBD00432DA5 /* UIView+Extension.m in Sources */ = {isa = PBXBuildFile; fileRef = 44A66A231C0C4DBD00432DA5 /* UIView+Extension.m */; };
		44BC26A91C0FEEF800D71126 /* UIWindow+Extenstion.m in Sources */ = {isa = PBXBuildFile; fileRef = 44BC26A81C0FEEF800D71126 /* UIWindow+Extenstion.m */; };
/* End PBXBuildFile section */

/* Begin PBXContainerItemProxy section */
		44A669A51C0BE1E700432DA5 /* PBXContainerItemProxy */ = {
			isa = PBXContainerItemProxy;
			containerPortal = 44A669801C0BE1E700432DA5 /* Project object */;
			proxyType = 1;
			remoteGlobalIDString = 44A669871C0BE1E700432DA5;
			remoteInfo = HRWeiBo;
		};
		44A669B01C0BE1E700432DA5 /* PBXContainerItemProxy */ = {
			isa = PBXContainerItemProxy;
			containerPortal = 44A669801C0BE1E700432DA5 /* Project object */;
			proxyType = 1;
			remoteGlobalIDString = 44A669871C0BE1E700432DA5;
			remoteInfo = HRWeiBo;
		};
/* End PBXContainerItemProxy section */

/* Begin PBXFileReference section */
		441118F51C0D34C1005035F6 /* HRSeachBar.h */ = {isa = PBXFileReference; fileEncoding = 4; lastKnownFileType = sourcecode.c.h; path = HRSeachBar.h; sourceTree = "<group>"; };
		441118F61C0D34C1005035F6 /* HRSeachBar.m */ = {isa = PBXFileReference; fileEncoding = 4; lastKnownFileType = sourcecode.c.objc; path = HRSeachBar.m; sourceTree = "<group>"; };
		4473E9A61C0D97B300B33F6D /* HRTitleMenuController.h */ = {isa = PBXFileReference; fileEncoding = 4; lastKnownFileType = sourcecode.c.h; path = HRTitleMenuController.h; sourceTree = "<group>"; };
		4473E9A71C0D97B300B33F6D /* HRTitleMenuController.m */ = {isa = PBXFileReference; fileEncoding = 4; lastKnownFileType = sourcecode.c.objc; path = HRTitleMenuController.m; sourceTree = "<group>"; };
		4473E9A91C0D982E00B33F6D /* HRDropdownMenu.h */ = {isa = PBXFileReference; fileEncoding = 4; lastKnownFileType = sourcecode.c.h; path = HRDropdownMenu.h; sourceTree = "<group>"; };
		4473E9AA1C0D982E00B33F6D /* HRDropdownMenu.m */ = {isa = PBXFileReference; fileEncoding = 4; lastKnownFileType = sourcecode.c.objc; path = HRDropdownMenu.m; sourceTree = "<group>"; };
		4473E9AC1C0DAF7300B33F6D /* HRTabBar.h */ = {isa = PBXFileReference; fileEncoding = 4; lastKnownFileType = sourcecode.c.h; path = HRTabBar.h; sourceTree = "<group>"; };
		4473E9AD1C0DAF7300B33F6D /* HRTabBar.m */ = {isa = PBXFileReference; fileEncoding = 4; lastKnownFileType = sourcecode.c.objc; path = HRTabBar.m; sourceTree = "<group>"; };
		447FA2221C0EDD7B0043668B /* NewFeatureViewController.h */ = {isa = PBXFileReference; fileEncoding = 4; lastKnownFileType = sourcecode.c.h; path = NewFeatureViewController.h; sourceTree = "<group>"; };
		447FA2231C0EDD7B0043668B /* NewFeatureViewController.m */ = {isa = PBXFileReference; fileEncoding = 4; lastKnownFileType = sourcecode.c.objc; path = NewFeatureViewController.m; sourceTree = "<group>"; };
		447FA2261C0EF67E0043668B /* NewFeatureTool.h */ = {isa = PBXFileReference; fileEncoding = 4; lastKnownFileType = sourcecode.c.h; path = NewFeatureTool.h; sourceTree = "<group>"; };
		447FA2271C0EF67E0043668B /* NewFeatureTool.m */ = {isa = PBXFileReference; fileEncoding = 4; lastKnownFileType = sourcecode.c.objc; path = NewFeatureTool.m; sourceTree = "<group>"; };
		447FA22F1C0EFD880043668B /* OAuthViewController.h */ = {isa = PBXFileReference; fileEncoding = 4; lastKnownFileType = sourcecode.c.h; path = OAuthViewController.h; sourceTree = "<group>"; };
		447FA2301C0EFD880043668B /* OAuthViewController.m */ = {isa = PBXFileReference; fileEncoding = 4; lastKnownFileType = sourcecode.c.objc; path = OAuthViewController.m; sourceTree = "<group>"; };
		447FA2331C0F030B0043668B /* AFHTTPRequestOperation.h */ = {isa = PBXFileReference; fileEncoding = 4; lastKnownFileType = sourcecode.c.h; path = AFHTTPRequestOperation.h; sourceTree = "<group>"; };
		447FA2341C0F030B0043668B /* AFHTTPRequestOperation.m */ = {isa = PBXFileReference; fileEncoding = 4; lastKnownFileType = sourcecode.c.objc; path = AFHTTPRequestOperation.m; sourceTree = "<group>"; };
		447FA2351C0F030B0043668B /* AFHTTPRequestOperationManager.h */ = {isa = PBXFileReference; fileEncoding = 4; lastKnownFileType = sourcecode.c.h; path = AFHTTPRequestOperationManager.h; sourceTree = "<group>"; };
		447FA2361C0F030B0043668B /* AFHTTPRequestOperationManager.m */ = {isa = PBXFileReference; fileEncoding = 4; lastKnownFileType = sourcecode.c.objc; path = AFHTTPRequestOperationManager.m; sourceTree = "<group>"; };
		447FA2371C0F030B0043668B /* AFHTTPSessionManager.h */ = {isa = PBXFileReference; fileEncoding = 4; lastKnownFileType = sourcecode.c.h; path = AFHTTPSessionManager.h; sourceTree = "<group>"; };
		447FA2381C0F030B0043668B /* AFHTTPSessionManager.m */ = {isa = PBXFileReference; fileEncoding = 4; lastKnownFileType = sourcecode.c.objc; path = AFHTTPSessionManager.m; sourceTree = "<group>"; };
		447FA2391C0F030B0043668B /* AFNetworking.h */ = {isa = PBXFileReference; fileEncoding = 4; lastKnownFileType = sourcecode.c.h; path = AFNetworking.h; sourceTree = "<group>"; };
		447FA23A1C0F030B0043668B /* AFNetworkReachabilityManager.h */ = {isa = PBXFileReference; fileEncoding = 4; lastKnownFileType = sourcecode.c.h; path = AFNetworkReachabilityManager.h; sourceTree = "<group>"; };
		447FA23B1C0F030B0043668B /* AFNetworkReachabilityManager.m */ = {isa = PBXFileReference; fileEncoding = 4; lastKnownFileType = sourcecode.c.objc; path = AFNetworkReachabilityManager.m; sourceTree = "<group>"; };
		447FA23C1C0F030B0043668B /* AFSecurityPolicy.h */ = {isa = PBXFileReference; fileEncoding = 4; lastKnownFileType = sourcecode.c.h; path = AFSecurityPolicy.h; sourceTree = "<group>"; };
		447FA23D1C0F030B0043668B /* AFSecurityPolicy.m */ = {isa = PBXFileReference; fileEncoding = 4; lastKnownFileType = sourcecode.c.objc; path = AFSecurityPolicy.m; sourceTree = "<group>"; };
		447FA23E1C0F030B0043668B /* AFURLConnectionOperation.h */ = {isa = PBXFileReference; fileEncoding = 4; lastKnownFileType = sourcecode.c.h; path = AFURLConnectionOperation.h; sourceTree = "<group>"; };
		447FA23F1C0F030B0043668B /* AFURLConnectionOperation.m */ = {isa = PBXFileReference; fileEncoding = 4; lastKnownFileType = sourcecode.c.objc; path = AFURLConnectionOperation.m; sourceTree = "<group>"; };
		447FA2401C0F030B0043668B /* AFURLRequestSerialization.h */ = {isa = PBXFileReference; fileEncoding = 4; lastKnownFileType = sourcecode.c.h; path = AFURLRequestSerialization.h; sourceTree = "<group>"; };
		447FA2411C0F030B0043668B /* AFURLRequestSerialization.m */ = {isa = PBXFileReference; fileEncoding = 4; lastKnownFileType = sourcecode.c.objc; path = AFURLRequestSerialization.m; sourceTree = "<group>"; };
		447FA2421C0F030B0043668B /* AFURLResponseSerialization.h */ = {isa = PBXFileReference; fileEncoding = 4; lastKnownFileType = sourcecode.c.h; path = AFURLResponseSerialization.h; sourceTree = "<group>"; };
		447FA2431C0F030B0043668B /* AFURLResponseSerialization.m */ = {isa = PBXFileReference; fileEncoding = 4; lastKnownFileType = sourcecode.c.objc; path = AFURLResponseSerialization.m; sourceTree = "<group>"; };
		447FA2441C0F030B0043668B /* AFURLSessionManager.h */ = {isa = PBXFileReference; fileEncoding = 4; lastKnownFileType = sourcecode.c.h; path = AFURLSessionManager.h; sourceTree = "<group>"; };
		447FA2451C0F030B0043668B /* AFURLSessionManager.m */ = {isa = PBXFileReference; fileEncoding = 4; lastKnownFileType = sourcecode.c.objc; path = AFURLSessionManager.m; sourceTree = "<group>"; };
		44A669881C0BE1E700432DA5 /* HRWeiBo.app */ = {isa = PBXFileReference; explicitFileType = wrapper.application; includeInIndex = 0; path = HRWeiBo.app; sourceTree = BUILT_PRODUCTS_DIR; };
		44A669981C0BE1E700432DA5 /* HRWeiBo.xcdatamodel */ = {isa = PBXFileReference; lastKnownFileType = wrapper.xcdatamodel; path = HRWeiBo.xcdatamodel; sourceTree = "<group>"; };
		44A6699A1C0BE1E700432DA5 /* Assets.xcassets */ = {isa = PBXFileReference; lastKnownFileType = folder.assetcatalog; path = Assets.xcassets; sourceTree = "<group>"; };
		44A6699D1C0BE1E700432DA5 /* Base */ = {isa = PBXFileReference; lastKnownFileType = file.storyboard; name = Base; path = Base.lproj/LaunchScreen.storyboard; sourceTree = "<group>"; };
		44A6699F1C0BE1E700432DA5 /* Info.plist */ = {isa = PBXFileReference; lastKnownFileType = text.plist.xml; path = Info.plist; sourceTree = "<group>"; };
		44A669A41C0BE1E700432DA5 /* HRWeiBoTests.xctest */ = {isa = PBXFileReference; explicitFileType = wrapper.cfbundle; includeInIndex = 0; path = HRWeiBoTests.xctest; sourceTree = BUILT_PRODUCTS_DIR; };
		44A669A81C0BE1E700432DA5 /* HRWeiBoTests.m */ = {isa = PBXFileReference; lastKnownFileType = sourcecode.c.objc; path = HRWeiBoTests.m; sourceTree = "<group>"; };
		44A669AA1C0BE1E700432DA5 /* Info.plist */ = {isa = PBXFileReference; lastKnownFileType = text.plist.xml; path = Info.plist; sourceTree = "<group>"; };
		44A669AF1C0BE1E700432DA5 /* HRWeiBoUITests.xctest */ = {isa = PBXFileReference; explicitFileType = wrapper.cfbundle; includeInIndex = 0; path = HRWeiBoUITests.xctest; sourceTree = BUILT_PRODUCTS_DIR; };
		44A669B31C0BE1E700432DA5 /* HRWeiBoUITests.m */ = {isa = PBXFileReference; lastKnownFileType = sourcecode.c.objc; path = HRWeiBoUITests.m; sourceTree = "<group>"; };
		44A669B51C0BE1E700432DA5 /* Info.plist */ = {isa = PBXFileReference; lastKnownFileType = text.plist.xml; path = Info.plist; sourceTree = "<group>"; };
		44A669C51C0C339300432DA5 /* HRWeiBo_Prefix.pch */ = {isa = PBXFileReference; lastKnownFileType = sourcecode.c.h; path = HRWeiBo_Prefix.pch; sourceTree = "<group>"; };
		44A669DB1C0C3A4F00432DA5 /* HRDiscoverViewController.h */ = {isa = PBXFileReference; fileEncoding = 4; lastKnownFileType = sourcecode.c.h; path = HRDiscoverViewController.h; sourceTree = "<group>"; };
		44A669DC1C0C3A4F00432DA5 /* HRDiscoverViewController.m */ = {isa = PBXFileReference; fileEncoding = 4; lastKnownFileType = sourcecode.c.objc; path = HRDiscoverViewController.m; sourceTree = "<group>"; };
		44A669E11C0C3A4F00432DA5 /* HRHomeViewController.h */ = {isa = PBXFileReference; fileEncoding = 4; lastKnownFileType = sourcecode.c.h; path = HRHomeViewController.h; sourceTree = "<group>"; };
		44A669E21C0C3A4F00432DA5 /* HRHomeViewController.m */ = {isa = PBXFileReference; fileEncoding = 4; lastKnownFileType = sourcecode.c.objc; path = HRHomeViewController.m; sourceTree = "<group>"; };
		44A669E71C0C3A4F00432DA5 /* HRNavigationController.h */ = {isa = PBXFileReference; fileEncoding = 4; lastKnownFileType = sourcecode.c.h; path = HRNavigationController.h; sourceTree = "<group>"; };
		44A669E81C0C3A4F00432DA5 /* HRNavigationController.m */ = {isa = PBXFileReference; fileEncoding = 4; lastKnownFileType = sourcecode.c.objc; path = HRNavigationController.m; sourceTree = "<group>"; };
		44A669E91C0C3A4F00432DA5 /* HRTabBarController.h */ = {isa = PBXFileReference; fileEncoding = 4; lastKnownFileType = sourcecode.c.h; path = HRTabBarController.h; sourceTree = "<group>"; };
		44A669EA1C0C3A4F00432DA5 /* HRTabBarController.m */ = {isa = PBXFileReference; fileEncoding = 4; lastKnownFileType = sourcecode.c.objc; path = HRTabBarController.m; sourceTree = "<group>"; };
		44A669ED1C0C3A4F00432DA5 /* AppDelegate.h */ = {isa = PBXFileReference; fileEncoding = 4; lastKnownFileType = sourcecode.c.h; path = AppDelegate.h; sourceTree = "<group>"; };
		44A669EE1C0C3A4F00432DA5 /* AppDelegate.m */ = {isa = PBXFileReference; fileEncoding = 4; lastKnownFileType = sourcecode.c.objc; path = AppDelegate.m; sourceTree = "<group>"; };
		44A669F01C0C3A4F00432DA5 /* main.m */ = {isa = PBXFileReference; fileEncoding = 4; lastKnownFileType = sourcecode.c.objc; path = main.m; sourceTree = "<group>"; };
		44A669F41C0C3A4F00432DA5 /* HRMessageCenterViewController.h */ = {isa = PBXFileReference; fileEncoding = 4; lastKnownFileType = sourcecode.c.h; path = HRMessageCenterViewController.h; sourceTree = "<group>"; };
		44A669F51C0C3A4F00432DA5 /* HRMessageCenterViewController.m */ = {isa = PBXFileReference; fileEncoding = 4; lastKnownFileType = sourcecode.c.objc; path = HRMessageCenterViewController.m; sourceTree = "<group>"; };
		44A669FA1C0C3A4F00432DA5 /* HRProfileViewController.h */ = {isa = PBXFileReference; fileEncoding = 4; lastKnownFileType = sourcecode.c.h; path = HRProfileViewController.h; sourceTree = "<group>"; };
		44A669FB1C0C3A4F00432DA5 /* HRProfileViewController.m */ = {isa = PBXFileReference; fileEncoding = 4; lastKnownFileType = sourcecode.c.objc; path = HRProfileViewController.m; sourceTree = "<group>"; };
		44A66A0A1C0C3B6A00432DA5 /* Test1ViewController.h */ = {isa = PBXFileReference; fileEncoding = 4; lastKnownFileType = sourcecode.c.h; path = Test1ViewController.h; sourceTree = "<group>"; };
		44A66A0B1C0C3B6A00432DA5 /* Test1ViewController.m */ = {isa = PBXFileReference; fileEncoding = 4; lastKnownFileType = sourcecode.c.objc; path = Test1ViewController.m; sourceTree = "<group>"; };
		44A66A0C1C0C3B6A00432DA5 /* Test1ViewController.xib */ = {isa = PBXFileReference; fileEncoding = 4; lastKnownFileType = file.xib; path = Test1ViewController.xib; sourceTree = "<group>"; };
		44A66A0F1C0C3BF200432DA5 /* Test2ViewController.h */ = {isa = PBXFileReference; fileEncoding = 4; lastKnownFileType = sourcecode.c.h; path = Test2ViewController.h; sourceTree = "<group>"; };
		44A66A101C0C3BF200432DA5 /* Test2ViewController.m */ = {isa = PBXFileReference; fileEncoding = 4; lastKnownFileType = sourcecode.c.objc; path = Test2ViewController.m; sourceTree = "<group>"; };
		44A66A111C0C3BF200432DA5 /* Test2ViewController.xib */ = {isa = PBXFileReference; fileEncoding = 4; lastKnownFileType = file.xib; path = Test2ViewController.xib; sourceTree = "<group>"; };
		44A66A141C0C3BFC00432DA5 /* Test3ViewController.h */ = {isa = PBXFileReference; fileEncoding = 4; lastKnownFileType = sourcecode.c.h; path = Test3ViewController.h; sourceTree = "<group>"; };
		44A66A151C0C3BFC00432DA5 /* Test3ViewController.m */ = {isa = PBXFileReference; fileEncoding = 4; lastKnownFileType = sourcecode.c.objc; path = Test3ViewController.m; sourceTree = "<group>"; };
		44A66A161C0C3BFC00432DA5 /* Test3ViewController.xib */ = {isa = PBXFileReference; fileEncoding = 4; lastKnownFileType = file.xib; path = Test3ViewController.xib; sourceTree = "<group>"; };
		44A66A201C0C4DBD00432DA5 /* UIBarButtonItem+Extension.h */ = {isa = PBXFileReference; fileEncoding = 4; lastKnownFileType = sourcecode.c.h; path = "UIBarButtonItem+Extension.h"; sourceTree = "<group>"; };
		44A66A211C0C4DBD00432DA5 /* UIBarButtonItem+Extension.m */ = {isa = PBXFileReference; fileEncoding = 4; lastKnownFileType = sourcecode.c.objc; path = "UIBarButtonItem+Extension.m"; sourceTree = "<group>"; };
		44A66A221C0C4DBD00432DA5 /* UIView+Extension.h */ = {isa = PBXFileReference; fileEncoding = 4; lastKnownFileType = sourcecode.c.h; path = "UIView+Extension.h"; sourceTree = "<group>"; };
		44A66A231C0C4DBD00432DA5 /* UIView+Extension.m */ = {isa = PBXFileReference; fileEncoding = 4; lastKnownFileType = sourcecode.c.objc; path = "UIView+Extension.m"; sourceTree = "<group>"; };
		44BC26A71C0FEEF800D71126 /* UIWindow+Extenstion.h */ = {isa = PBXFileReference; fileEncoding = 4; lastKnownFileType = sourcecode.c.h; path = "UIWindow+Extenstion.h"; sourceTree = "<group>"; };
		44BC26A81C0FEEF800D71126 /* UIWindow+Extenstion.m */ = {isa = PBXFileReference; fileEncoding = 4; lastKnownFileType = sourcecode.c.objc; path = "UIWindow+Extenstion.m"; sourceTree = "<group>"; };
/* End PBXFileReference section */

/* Begin PBXFrameworksBuildPhase section */
		44A669851C0BE1E700432DA5 /* Frameworks */ = {
			isa = PBXFrameworksBuildPhase;
			buildActionMask = 2147483647;
			files = (
			);
			runOnlyForDeploymentPostprocessing = 0;
		};
		44A669A11C0BE1E700432DA5 /* Frameworks */ = {
			isa = PBXFrameworksBuildPhase;
			buildActionMask = 2147483647;
			files = (
			);
			runOnlyForDeploymentPostprocessing = 0;
		};
		44A669AC1C0BE1E700432DA5 /* Frameworks */ = {
			isa = PBXFrameworksBuildPhase;
			buildActionMask = 2147483647;
			files = (
			);
			runOnlyForDeploymentPostprocessing = 0;
		};
/* End PBXFrameworksBuildPhase section */

/* Begin PBXGroup section */
		447FA2201C0EDD570043668B /* NewFeature(新特性) */ = {
			isa = PBXGroup;
			children = (
				447FA2251C0EF66B0043668B /* Tool */,
				447FA2211C0EDD570043668B /* Controller */,
			);
			path = "NewFeature(新特性)";
			sourceTree = "<group>";
		};
		447FA2211C0EDD570043668B /* Controller */ = {
			isa = PBXGroup;
			children = (
				447FA2221C0EDD7B0043668B /* NewFeatureViewController.h */,
				447FA2231C0EDD7B0043668B /* NewFeatureViewController.m */,
			);
			path = Controller;
			sourceTree = "<group>";
		};
		447FA2251C0EF66B0043668B /* Tool */ = {
			isa = PBXGroup;
			children = (
				447FA2261C0EF67E0043668B /* NewFeatureTool.h */,
				447FA2271C0EF67E0043668B /* NewFeatureTool.m */,
			);
			path = Tool;
			sourceTree = "<group>";
		};
		447FA22D1C0EFD6D0043668B /* OAuth(授权) */ = {
			isa = PBXGroup;
			children = (
				447FA22E1C0EFD6D0043668B /* Controller */,
			);
			path = "OAuth(授权)";
			sourceTree = "<group>";
		};
		447FA22E1C0EFD6D0043668B /* Controller */ = {
			isa = PBXGroup;
			children = (
				447FA22F1C0EFD880043668B /* OAuthViewController.h */,
				447FA2301C0EFD880043668B /* OAuthViewController.m */,
			);
			path = Controller;
			sourceTree = "<group>";
		};
		447FA2321C0F030B0043668B /* AFNetworking */ = {
			isa = PBXGroup;
			children = (
				447FA2331C0F030B0043668B /* AFHTTPRequestOperation.h */,
				447FA2341C0F030B0043668B /* AFHTTPRequestOperation.m */,
				447FA2351C0F030B0043668B /* AFHTTPRequestOperationManager.h */,
				447FA2361C0F030B0043668B /* AFHTTPRequestOperationManager.m */,
				447FA2371C0F030B0043668B /* AFHTTPSessionManager.h */,
				447FA2381C0F030B0043668B /* AFHTTPSessionManager.m */,
				447FA2391C0F030B0043668B /* AFNetworking.h */,
				447FA23A1C0F030B0043668B /* AFNetworkReachabilityManager.h */,
				447FA23B1C0F030B0043668B /* AFNetworkReachabilityManager.m */,
				447FA23C1C0F030B0043668B /* AFSecurityPolicy.h */,
				447FA23D1C0F030B0043668B /* AFSecurityPolicy.m */,
				447FA23E1C0F030B0043668B /* AFURLConnectionOperation.h */,
				447FA23F1C0F030B0043668B /* AFURLConnectionOperation.m */,
				447FA2401C0F030B0043668B /* AFURLRequestSerialization.h */,
				447FA2411C0F030B0043668B /* AFURLRequestSerialization.m */,
				447FA2421C0F030B0043668B /* AFURLResponseSerialization.h */,
				447FA2431C0F030B0043668B /* AFURLResponseSerialization.m */,
				447FA2441C0F030B0043668B /* AFURLSessionManager.h */,
				447FA2451C0F030B0043668B /* AFURLSessionManager.m */,
			);
			path = AFNetworking;
			sourceTree = "<group>";
		};
		44A6697F1C0BE1E700432DA5 = {
			isa = PBXGroup;
			children = (
				44A6698A1C0BE1E700432DA5 /* HRWeiBo */,
				44A669A71C0BE1E700432DA5 /* HRWeiBoTests */,
				44A669B21C0BE1E700432DA5 /* HRWeiBoUITests */,
				44A669891C0BE1E700432DA5 /* Products */,
			);
			sourceTree = "<group>";
		};
		44A669891C0BE1E700432DA5 /* Products */ = {
			isa = PBXGroup;
			children = (
				44A669881C0BE1E700432DA5 /* HRWeiBo.app */,
				44A669A41C0BE1E700432DA5 /* HRWeiBoTests.xctest */,
				44A669AF1C0BE1E700432DA5 /* HRWeiBoUITests.xctest */,
			);
			name = Products;
			sourceTree = "<group>";
		};
		44A6698A1C0BE1E700432DA5 /* HRWeiBo */ = {
			isa = PBXGroup;
			children = (
				44A669D81C0C3A4F00432DA5 /* Classes */,
				44A6698B1C0BE1E700432DA5 /* Supporting Files */,
			);
			path = HRWeiBo;
			sourceTree = "<group>";
		};
		44A6698B1C0BE1E700432DA5 /* Supporting Files */ = {
			isa = PBXGroup;
			children = (
				44A6699F1C0BE1E700432DA5 /* Info.plist */,
				44A6699A1C0BE1E700432DA5 /* Assets.xcassets */,
				44A669971C0BE1E700432DA5 /* HRWeiBo.xcdatamodeld */,
				44A669C51C0C339300432DA5 /* HRWeiBo_Prefix.pch */,
			);
			name = "Supporting Files";
			sourceTree = "<group>";
		};
		44A669A71C0BE1E700432DA5 /* HRWeiBoTests */ = {
			isa = PBXGroup;
			children = (
				44A669A81C0BE1E700432DA5 /* HRWeiBoTests.m */,
				44A669AA1C0BE1E700432DA5 /* Info.plist */,
			);
			path = HRWeiBoTests;
			sourceTree = "<group>";
		};
		44A669B21C0BE1E700432DA5 /* HRWeiBoUITests */ = {
			isa = PBXGroup;
			children = (
				44A669B31C0BE1E700432DA5 /* HRWeiBoUITests.m */,
				44A669B51C0BE1E700432DA5 /* Info.plist */,
			);
			path = HRWeiBoUITests;
			sourceTree = "<group>";
		};
		44A669D81C0C3A4F00432DA5 /* Classes */ = {
			isa = PBXGroup;
			children = (
				447FA2201C0EDD570043668B /* NewFeature(新特性) */,
				447FA22D1C0EFD6D0043668B /* OAuth(授权) */,
				44A669D91C0C3A4F00432DA5 /* Discover(发现) */,
				44A669DF1C0C3A4F00432DA5 /* Home(首页) */,
				44A669E51C0C3A4F00432DA5 /* Main */,
				44A669F21C0C3A4F00432DA5 /* MessageCenter(消息) */,
				44A669F81C0C3A4F00432DA5 /* Profile(我) */,
				44A669FE1C0C3A4F00432DA5 /* Temp */,
			);
			path = Classes;
			sourceTree = "<group>";
		};
		44A669D91C0C3A4F00432DA5 /* Discover(发现) */ = {
			isa = PBXGroup;
			children = (
				44A669DA1C0C3A4F00432DA5 /* Controller */,
				44A669DD1C0C3A4F00432DA5 /* Model */,
				44A669DE1C0C3A4F00432DA5 /* View */,
			);
			path = "Discover(发现)";
			sourceTree = "<group>";
		};
		44A669DA1C0C3A4F00432DA5 /* Controller */ = {
			isa = PBXGroup;
			children = (
				44A669DB1C0C3A4F00432DA5 /* HRDiscoverViewController.h */,
				44A669DC1C0C3A4F00432DA5 /* HRDiscoverViewController.m */,
			);
			path = Controller;
			sourceTree = "<group>";
		};
		44A669DD1C0C3A4F00432DA5 /* Model */ = {
			isa = PBXGroup;
			children = (
			);
			path = Model;
			sourceTree = "<group>";
		};
		44A669DE1C0C3A4F00432DA5 /* View */ = {
			isa = PBXGroup;
			children = (
			);
			path = View;
			sourceTree = "<group>";
		};
		44A669DF1C0C3A4F00432DA5 /* Home(首页) */ = {
			isa = PBXGroup;
			children = (
				44A669E01C0C3A4F00432DA5 /* Controller */,
				44A669E31C0C3A4F00432DA5 /* Model */,
				44A669E41C0C3A4F00432DA5 /* View */,
			);
			path = "Home(首页)";
			sourceTree = "<group>";
		};
		44A669E01C0C3A4F00432DA5 /* Controller */ = {
			isa = PBXGroup;
			children = (
				44A669E11C0C3A4F00432DA5 /* HRHomeViewController.h */,
				44A669E21C0C3A4F00432DA5 /* HRHomeViewController.m */,
				4473E9A61C0D97B300B33F6D /* HRTitleMenuController.h */,
				4473E9A71C0D97B300B33F6D /* HRTitleMenuController.m */,
			);
			path = Controller;
			sourceTree = "<group>";
		};
		44A669E31C0C3A4F00432DA5 /* Model */ = {
			isa = PBXGroup;
			children = (
			);
			path = Model;
			sourceTree = "<group>";
		};
		44A669E41C0C3A4F00432DA5 /* View */ = {
			isa = PBXGroup;
			children = (
			);
			path = View;
			sourceTree = "<group>";
		};
		44A669E51C0C3A4F00432DA5 /* Main */ = {
			isa = PBXGroup;
			children = (
				44A66A1F1C0C4DBD00432DA5 /* Category */,
				44A669E61C0C3A4F00432DA5 /* Controller */,
				44A669EB1C0C3A4F00432DA5 /* Model */,
				44A669EC1C0C3A4F00432DA5 /* Other */,
				44A669F11C0C3A4F00432DA5 /* View */,
			);
			path = Main;
			sourceTree = "<group>";
		};
		44A669E61C0C3A4F00432DA5 /* Controller */ = {
			isa = PBXGroup;
			children = (
				44A669E71C0C3A4F00432DA5 /* HRNavigationController.h */,
				44A669E81C0C3A4F00432DA5 /* HRNavigationController.m */,
				44A669E91C0C3A4F00432DA5 /* HRTabBarController.h */,
				44A669EA1C0C3A4F00432DA5 /* HRTabBarController.m */,
			);
			path = Controller;
			sourceTree = "<group>";
		};
		44A669EB1C0C3A4F00432DA5 /* Model */ = {
			isa = PBXGroup;
			children = (
			);
			path = Model;
			sourceTree = "<group>";
		};
		44A669EC1C0C3A4F00432DA5 /* Other */ = {
			isa = PBXGroup;
			children = (
				44A669ED1C0C3A4F00432DA5 /* AppDelegate.h */,
				44A669EE1C0C3A4F00432DA5 /* AppDelegate.m */,
				44A6699C1C0BE1E700432DA5 /* LaunchScreen.storyboard */,
				44A669EF1C0C3A4F00432DA5 /* Lib */,
				44A669F01C0C3A4F00432DA5 /* main.m */,
			);
			path = Other;
			sourceTree = "<group>";
		};
		44A669EF1C0C3A4F00432DA5 /* Lib */ = {
			isa = PBXGroup;
			children = (
				447FA2321C0F030B0043668B /* AFNetworking */,
			);
			path = Lib;
			sourceTree = "<group>";
		};
		44A669F11C0C3A4F00432DA5 /* View */ = {
			isa = PBXGroup;
			children = (
				441118F51C0D34C1005035F6 /* HRSeachBar.h */,
				441118F61C0D34C1005035F6 /* HRSeachBar.m */,
				4473E9A91C0D982E00B33F6D /* HRDropdownMenu.h */,
				4473E9AA1C0D982E00B33F6D /* HRDropdownMenu.m */,
				4473E9AC1C0DAF7300B33F6D /* HRTabBar.h */,
				4473E9AD1C0DAF7300B33F6D /* HRTabBar.m */,
			);
			path = View;
			sourceTree = "<group>";
		};
		44A669F21C0C3A4F00432DA5 /* MessageCenter(消息) */ = {
			isa = PBXGroup;
			children = (
				44A669F31C0C3A4F00432DA5 /* Controller */,
				44A669F61C0C3A4F00432DA5 /* Model */,
				44A669F71C0C3A4F00432DA5 /* View */,
			);
			path = "MessageCenter(消息)";
			sourceTree = "<group>";
		};
		44A669F31C0C3A4F00432DA5 /* Controller */ = {
			isa = PBXGroup;
			children = (
				44A669F41C0C3A4F00432DA5 /* HRMessageCenterViewController.h */,
				44A669F51C0C3A4F00432DA5 /* HRMessageCenterViewController.m */,
			);
			path = Controller;
			sourceTree = "<group>";
		};
		44A669F61C0C3A4F00432DA5 /* Model */ = {
			isa = PBXGroup;
			children = (
			);
			path = Model;
			sourceTree = "<group>";
		};
		44A669F71C0C3A4F00432DA5 /* View */ = {
			isa = PBXGroup;
			children = (
			);
			path = View;
			sourceTree = "<group>";
		};
		44A669F81C0C3A4F00432DA5 /* Profile(我) */ = {
			isa = PBXGroup;
			children = (
				44A669F91C0C3A4F00432DA5 /* Controller */,
				44A669FC1C0C3A4F00432DA5 /* Model */,
				44A669FD1C0C3A4F00432DA5 /* View */,
			);
			path = "Profile(我)";
			sourceTree = "<group>";
		};
		44A669F91C0C3A4F00432DA5 /* Controller */ = {
			isa = PBXGroup;
			children = (
				44A669FA1C0C3A4F00432DA5 /* HRProfileViewController.h */,
				44A669FB1C0C3A4F00432DA5 /* HRProfileViewController.m */,
			);
			path = Controller;
			sourceTree = "<group>";
		};
		44A669FC1C0C3A4F00432DA5 /* Model */ = {
			isa = PBXGroup;
			children = (
			);
			path = Model;
			sourceTree = "<group>";
		};
		44A669FD1C0C3A4F00432DA5 /* View */ = {
			isa = PBXGroup;
			children = (
			);
			path = View;
			sourceTree = "<group>";
		};
		44A669FE1C0C3A4F00432DA5 /* Temp */ = {
			isa = PBXGroup;
			children = (
				44A669FF1C0C3A4F00432DA5 /* Controller */,
				44A66A001C0C3A4F00432DA5 /* Model */,
				44A66A011C0C3A4F00432DA5 /* View */,
			);
			path = Temp;
			sourceTree = "<group>";
		};
		44A669FF1C0C3A4F00432DA5 /* Controller */ = {
			isa = PBXGroup;
			children = (
				44A66A0A1C0C3B6A00432DA5 /* Test1ViewController.h */,
				44A66A0B1C0C3B6A00432DA5 /* Test1ViewController.m */,
				44A66A0C1C0C3B6A00432DA5 /* Test1ViewController.xib */,
				44A66A0F1C0C3BF200432DA5 /* Test2ViewController.h */,
				44A66A101C0C3BF200432DA5 /* Test2ViewController.m */,
				44A66A111C0C3BF200432DA5 /* Test2ViewController.xib */,
				44A66A141C0C3BFC00432DA5 /* Test3ViewController.h */,
				44A66A151C0C3BFC00432DA5 /* Test3ViewController.m */,
				44A66A161C0C3BFC00432DA5 /* Test3ViewController.xib */,
			);
			path = Controller;
			sourceTree = "<group>";
		};
		44A66A001C0C3A4F00432DA5 /* Model */ = {
			isa = PBXGroup;
			children = (
			);
			path = Model;
			sourceTree = "<group>";
		};
		44A66A011C0C3A4F00432DA5 /* View */ = {
			isa = PBXGroup;
			children = (
			);
			path = View;
			sourceTree = "<group>";
		};
		44A66A1F1C0C4DBD00432DA5 /* Category */ = {
			isa = PBXGroup;
			children = (
				44A66A201C0C4DBD00432DA5 /* UIBarButtonItem+Extension.h */,
				44A66A211C0C4DBD00432DA5 /* UIBarButtonItem+Extension.m */,
				44A66A221C0C4DBD00432DA5 /* UIView+Extension.h */,
				44A66A231C0C4DBD00432DA5 /* UIView+Extension.m */,
				44BC26A71C0FEEF800D71126 /* UIWindow+Extenstion.h */,
				44BC26A81C0FEEF800D71126 /* UIWindow+Extenstion.m */,
			);
			path = Category;
			sourceTree = "<group>";
		};
/* End PBXGroup section */

/* Begin PBXNativeTarget section */
		44A669871C0BE1E700432DA5 /* HRWeiBo */ = {
			isa = PBXNativeTarget;
			buildConfigurationList = 44A669B81C0BE1E700432DA5 /* Build configuration list for PBXNativeTarget "HRWeiBo" */;
			buildPhases = (
				44A669841C0BE1E700432DA5 /* Sources */,
				44A669851C0BE1E700432DA5 /* Frameworks */,
				44A669861C0BE1E700432DA5 /* Resources */,
			);
			buildRules = (
			);
			dependencies = (
			);
			name = HRWeiBo;
			productName = HRWeiBo;
			productReference = 44A669881C0BE1E700432DA5 /* HRWeiBo.app */;
			productType = "com.apple.product-type.application";
		};
		44A669A31C0BE1E700432DA5 /* HRWeiBoTests */ = {
			isa = PBXNativeTarget;
			buildConfigurationList = 44A669BB1C0BE1E700432DA5 /* Build configuration list for PBXNativeTarget "HRWeiBoTests" */;
			buildPhases = (
				44A669A01C0BE1E700432DA5 /* Sources */,
				44A669A11C0BE1E700432DA5 /* Frameworks */,
				44A669A21C0BE1E700432DA5 /* Resources */,
			);
			buildRules = (
			);
			dependencies = (
				44A669A61C0BE1E700432DA5 /* PBXTargetDependency */,
			);
			name = HRWeiBoTests;
			productName = HRWeiBoTests;
			productReference = 44A669A41C0BE1E700432DA5 /* HRWeiBoTests.xctest */;
			productType = "com.apple.product-type.bundle.unit-test";
		};
		44A669AE1C0BE1E700432DA5 /* HRWeiBoUITests */ = {
			isa = PBXNativeTarget;
			buildConfigurationList = 44A669BE1C0BE1E700432DA5 /* Build configuration list for PBXNativeTarget "HRWeiBoUITests" */;
			buildPhases = (
				44A669AB1C0BE1E700432DA5 /* Sources */,
				44A669AC1C0BE1E700432DA5 /* Frameworks */,
				44A669AD1C0BE1E700432DA5 /* Resources */,
			);
			buildRules = (
			);
			dependencies = (
				44A669B11C0BE1E700432DA5 /* PBXTargetDependency */,
			);
			name = HRWeiBoUITests;
			productName = HRWeiBoUITests;
			productReference = 44A669AF1C0BE1E700432DA5 /* HRWeiBoUITests.xctest */;
			productType = "com.apple.product-type.bundle.ui-testing";
		};
/* End PBXNativeTarget section */

/* Begin PBXProject section */
		44A669801C0BE1E700432DA5 /* Project object */ = {
			isa = PBXProject;
			attributes = {
				LastUpgradeCheck = 0710;
				ORGANIZATIONNAME = Yangwei;
				TargetAttributes = {
					44A669871C0BE1E700432DA5 = {
						CreatedOnToolsVersion = 7.1.1;
					};
					44A669A31C0BE1E700432DA5 = {
						CreatedOnToolsVersion = 7.1.1;
						TestTargetID = 44A669871C0BE1E700432DA5;
					};
					44A669AE1C0BE1E700432DA5 = {
						CreatedOnToolsVersion = 7.1.1;
						TestTargetID = 44A669871C0BE1E700432DA5;
					};
				};
			};
			buildConfigurationList = 44A669831C0BE1E700432DA5 /* Build configuration list for PBXProject "HRWeiBo" */;
			compatibilityVersion = "Xcode 3.2";
			developmentRegion = English;
			hasScannedForEncodings = 0;
			knownRegions = (
				en,
				Base,
			);
			mainGroup = 44A6697F1C0BE1E700432DA5;
			productRefGroup = 44A669891C0BE1E700432DA5 /* Products */;
			projectDirPath = "";
			projectRoot = "";
			targets = (
				44A669871C0BE1E700432DA5 /* HRWeiBo */,
				44A669A31C0BE1E700432DA5 /* HRWeiBoTests */,
				44A669AE1C0BE1E700432DA5 /* HRWeiBoUITests */,
			);
		};
/* End PBXProject section */

/* Begin PBXResourcesBuildPhase section */
		44A669861C0BE1E700432DA5 /* Resources */ = {
			isa = PBXResourcesBuildPhase;
			buildActionMask = 2147483647;
			files = (
				44A6699E1C0BE1E700432DA5 /* LaunchScreen.storyboard in Resources */,
				44A66A131C0C3BF200432DA5 /* Test2ViewController.xib in Resources */,
				44A6699B1C0BE1E700432DA5 /* Assets.xcassets in Resources */,
				44A66A181C0C3BFC00432DA5 /* Test3ViewController.xib in Resources */,
				44A66A0E1C0C3B6A00432DA5 /* Test1ViewController.xib in Resources */,
			);
			runOnlyForDeploymentPostprocessing = 0;
		};
		44A669A21C0BE1E700432DA5 /* Resources */ = {
			isa = PBXResourcesBuildPhase;
			buildActionMask = 2147483647;
			files = (
			);
			runOnlyForDeploymentPostprocessing = 0;
		};
		44A669AD1C0BE1E700432DA5 /* Resources */ = {
			isa = PBXResourcesBuildPhase;
			buildActionMask = 2147483647;
			files = (
			);
			runOnlyForDeploymentPostprocessing = 0;
		};
/* End PBXResourcesBuildPhase section */

/* Begin PBXSourcesBuildPhase section */
		44A669841C0BE1E700432DA5 /* Sources */ = {
			isa = PBXSourcesBuildPhase;
			buildActionMask = 2147483647;
			files = (
				447FA2311C0EFD880043668B /* OAuthViewController.m in Sources */,
				44A66A121C0C3BF200432DA5 /* Test2ViewController.m in Sources */,
				44BC26A91C0FEEF800D71126 /* UIWindow+Extenstion.m in Sources */,
				44A66A031C0C3A4F00432DA5 /* HRHomeViewController.m in Sources */,
				44A66A171C0C3BFC00432DA5 /* Test3ViewController.m in Sources */,
				447FA24B1C0F030B0043668B /* AFURLConnectionOperation.m in Sources */,
				4473E9AE1C0DAF7300B33F6D /* HRTabBar.m in Sources */,
				44A66A081C0C3A4F00432DA5 /* HRMessageCenterViewController.m in Sources */,
				44A66A041C0C3A4F00432DA5 /* HRNavigationController.m in Sources */,
				44A66A061C0C3A4F00432DA5 /* AppDelegate.m in Sources */,
				4473E9AB1C0D982E00B33F6D /* HRDropdownMenu.m in Sources */,
				44A669991C0BE1E700432DA5 /* HRWeiBo.xcdatamodeld in Sources */,
				447FA2461C0F030B0043668B /* AFHTTPRequestOperation.m in Sources */,
				44A66A051C0C3A4F00432DA5 /* HRTabBarController.m in Sources */,
				447FA2491C0F030B0043668B /* AFNetworkReachabilityManager.m in Sources */,
				441118F71C0D34C1005035F6 /* HRSeachBar.m in Sources */,
				447FA24E1C0F030B0043668B /* AFURLSessionManager.m in Sources */,
				44A66A0D1C0C3B6A00432DA5 /* Test1ViewController.m in Sources */,
				447FA2471C0F030B0043668B /* AFHTTPRequestOperationManager.m in Sources */,
				447FA2481C0F030B0043668B /* AFHTTPSessionManager.m in Sources */,
				447FA2241C0EDD7B0043668B /* NewFeatureViewController.m in Sources */,
				447FA24D1C0F030B0043668B /* AFURLResponseSerialization.m in Sources */,
				447FA24C1C0F030B0043668B /* AFURLRequestSerialization.m in Sources */,
				44A66A071C0C3A4F00432DA5 /* main.m in Sources */,
				44A66A251C0C4DBD00432DA5 /* UIView+Extension.m in Sources */,
				447FA2281C0EF67E0043668B /* NewFeatureTool.m in Sources */,
				44A66A241C0C4DBD00432DA5 /* UIBarButtonItem+Extension.m in Sources */,
				447FA24A1C0F030B0043668B /* AFSecurityPolicy.m in Sources */,
				4473E9A81C0D97B300B33F6D /* HRTitleMenuController.m in Sources */,
				44A66A091C0C3A4F00432DA5 /* HRProfileViewController.m in Sources */,
				44A66A021C0C3A4F00432DA5 /* HRDiscoverViewController.m in Sources */,
			);
			runOnlyForDeploymentPostprocessing = 0;
		};
		44A669A01C0BE1E700432DA5 /* Sources */ = {
			isa = PBXSourcesBuildPhase;
			buildActionMask = 2147483647;
			files = (
				44A669A91C0BE1E700432DA5 /* HRWeiBoTests.m in Sources */,
			);
			runOnlyForDeploymentPostprocessing = 0;
		};
		44A669AB1C0BE1E700432DA5 /* Sources */ = {
			isa = PBXSourcesBuildPhase;
			buildActionMask = 2147483647;
			files = (
				44A669B41C0BE1E700432DA5 /* HRWeiBoUITests.m in Sources */,
			);
			runOnlyForDeploymentPostprocessing = 0;
		};
/* End PBXSourcesBuildPhase section */

/* Begin PBXTargetDependency section */
		44A669A61C0BE1E700432DA5 /* PBXTargetDependency */ = {
			isa = PBXTargetDependency;
			target = 44A669871C0BE1E700432DA5 /* HRWeiBo */;
			targetProxy = 44A669A51C0BE1E700432DA5 /* PBXContainerItemProxy */;
		};
		44A669B11C0BE1E700432DA5 /* PBXTargetDependency */ = {
			isa = PBXTargetDependency;
			target = 44A669871C0BE1E700432DA5 /* HRWeiBo */;
			targetProxy = 44A669B01C0BE1E700432DA5 /* PBXContainerItemProxy */;
		};
/* End PBXTargetDependency section */

/* Begin PBXVariantGroup section */
		44A6699C1C0BE1E700432DA5 /* LaunchScreen.storyboard */ = {
			isa = PBXVariantGroup;
			children = (
				44A6699D1C0BE1E700432DA5 /* Base */,
			);
			name = LaunchScreen.storyboard;
			path = ../../..;
			sourceTree = "<group>";
		};
/* End PBXVariantGroup section */

/* Begin XCBuildConfiguration section */
		44A669B61C0BE1E700432DA5 /* Debug */ = {
			isa = XCBuildConfiguration;
			buildSettings = {
				ALWAYS_SEARCH_USER_PATHS = NO;
				CLANG_CXX_LANGUAGE_STANDARD = "gnu++0x";
				CLANG_CXX_LIBRARY = "libc++";
				CLANG_ENABLE_MODULES = YES;
				CLANG_ENABLE_OBJC_ARC = YES;
				CLANG_WARN_BOOL_CONVERSION = YES;
				CLANG_WARN_CONSTANT_CONVERSION = YES;
				CLANG_WARN_DIRECT_OBJC_ISA_USAGE = YES_ERROR;
				CLANG_WARN_EMPTY_BODY = YES;
				CLANG_WARN_ENUM_CONVERSION = YES;
				CLANG_WARN_INT_CONVERSION = YES;
				CLANG_WARN_OBJC_ROOT_CLASS = YES_ERROR;
				CLANG_WARN_UNREACHABLE_CODE = YES;
				CLANG_WARN__DUPLICATE_METHOD_MATCH = YES;
				"CODE_SIGN_IDENTITY[sdk=iphoneos*]" = "iPhone Developer";
				COPY_PHASE_STRIP = NO;
				DEBUG_INFORMATION_FORMAT = dwarf;
				ENABLE_STRICT_OBJC_MSGSEND = YES;
				ENABLE_TESTABILITY = YES;
				GCC_C_LANGUAGE_STANDARD = gnu99;
				GCC_DYNAMIC_NO_PIC = NO;
				GCC_NO_COMMON_BLOCKS = YES;
				GCC_OPTIMIZATION_LEVEL = 0;
				GCC_PREPROCESSOR_DEFINITIONS = (
					"DEBUG=1",
					"$(inherited)",
				);
				GCC_WARN_64_TO_32_BIT_CONVERSION = YES;
				GCC_WARN_ABOUT_RETURN_TYPE = YES_ERROR;
				GCC_WARN_UNDECLARED_SELECTOR = YES;
				GCC_WARN_UNINITIALIZED_AUTOS = YES_AGGRESSIVE;
				GCC_WARN_UNUSED_FUNCTION = YES;
				GCC_WARN_UNUSED_VARIABLE = YES;
				IPHONEOS_DEPLOYMENT_TARGET = 9.1;
				MTL_ENABLE_DEBUG_INFO = YES;
				ONLY_ACTIVE_ARCH = YES;
				SDKROOT = iphoneos;
			};
			name = Debug;
		};
		44A669B71C0BE1E700432DA5 /* Release */ = {
			isa = XCBuildConfiguration;
			buildSettings = {
				ALWAYS_SEARCH_USER_PATHS = NO;
				CLANG_CXX_LANGUAGE_STANDARD = "gnu++0x";
				CLANG_CXX_LIBRARY = "libc++";
				CLANG_ENABLE_MODULES = YES;
				CLANG_ENABLE_OBJC_ARC = YES;
				CLANG_WARN_BOOL_CONVERSION = YES;
				CLANG_WARN_CONSTANT_CONVERSION = YES;
				CLANG_WARN_DIRECT_OBJC_ISA_USAGE = YES_ERROR;
				CLANG_WARN_EMPTY_BODY = YES;
				CLANG_WARN_ENUM_CONVERSION = YES;
				CLANG_WARN_INT_CONVERSION = YES;
				CLANG_WARN_OBJC_ROOT_CLASS = YES_ERROR;
				CLANG_WARN_UNREACHABLE_CODE = YES;
				CLANG_WARN__DUPLICATE_METHOD_MATCH = YES;
				"CODE_SIGN_IDENTITY[sdk=iphoneos*]" = "iPhone Developer";
				COPY_PHASE_STRIP = NO;
				DEBUG_INFORMATION_FORMAT = "dwarf-with-dsym";
				ENABLE_NS_ASSERTIONS = NO;
				ENABLE_STRICT_OBJC_MSGSEND = YES;
				GCC_C_LANGUAGE_STANDARD = gnu99;
				GCC_NO_COMMON_BLOCKS = YES;
				GCC_WARN_64_TO_32_BIT_CONVERSION = YES;
				GCC_WARN_ABOUT_RETURN_TYPE = YES_ERROR;
				GCC_WARN_UNDECLARED_SELECTOR = YES;
				GCC_WARN_UNINITIALIZED_AUTOS = YES_AGGRESSIVE;
				GCC_WARN_UNUSED_FUNCTION = YES;
				GCC_WARN_UNUSED_VARIABLE = YES;
				IPHONEOS_DEPLOYMENT_TARGET = 9.1;
				MTL_ENABLE_DEBUG_INFO = NO;
				SDKROOT = iphoneos;
				VALIDATE_PRODUCT = YES;
			};
			name = Release;
		};
		44A669B91C0BE1E700432DA5 /* Debug */ = {
			isa = XCBuildConfiguration;
			buildSettings = {
				ASSETCATALOG_COMPILER_APPICON_NAME = AppIcon;
				GCC_PRECOMPILE_PREFIX_HEADER = YES;
				GCC_PREFIX_HEADER = "$(SRCROOT)/HRWeiBo/HRWeiBo_Prefix.pch";
				INFOPLIST_FILE = HRWeiBo/Info.plist;
				LD_RUNPATH_SEARCH_PATHS = "$(inherited) @executable_path/Frameworks";
				PRODUCT_BUNDLE_IDENTIFIER = com.hr.HRWeiBo;
				PRODUCT_NAME = "$(TARGET_NAME)";
			};
			name = Debug;
		};
		44A669BA1C0BE1E700432DA5 /* Release */ = {
			isa = XCBuildConfiguration;
			buildSettings = {
				ASSETCATALOG_COMPILER_APPICON_NAME = AppIcon;
				GCC_PRECOMPILE_PREFIX_HEADER = YES;
				GCC_PREFIX_HEADER = "$(SRCROOT)/HRWeiBo/HRWeiBo_Prefix.pch";
				INFOPLIST_FILE = HRWeiBo/Info.plist;
				LD_RUNPATH_SEARCH_PATHS = "$(inherited) @executable_path/Frameworks";
				PRODUCT_BUNDLE_IDENTIFIER = com.hr.HRWeiBo;
				PRODUCT_NAME = "$(TARGET_NAME)";
			};
			name = Release;
		};
		44A669BC1C0BE1E700432DA5 /* Debug */ = {
			isa = XCBuildConfiguration;
			buildSettings = {
				BUNDLE_LOADER = "$(TEST_HOST)";
				INFOPLIST_FILE = HRWeiBoTests/Info.plist;
				LD_RUNPATH_SEARCH_PATHS = "$(inherited) @executable_path/Frameworks @loader_path/Frameworks";
				PRODUCT_BUNDLE_IDENTIFIER = com.hr.HRWeiBoTests;
				PRODUCT_NAME = "$(TARGET_NAME)";
				TEST_HOST = "$(BUILT_PRODUCTS_DIR)/HRWeiBo.app/HRWeiBo";
			};
			name = Debug;
		};
		44A669BD1C0BE1E700432DA5 /* Release */ = {
			isa = XCBuildConfiguration;
			buildSettings = {
				BUNDLE_LOADER = "$(TEST_HOST)";
				INFOPLIST_FILE = HRWeiBoTests/Info.plist;
				LD_RUNPATH_SEARCH_PATHS = "$(inherited) @executable_path/Frameworks @loader_path/Frameworks";
				PRODUCT_BUNDLE_IDENTIFIER = com.hr.HRWeiBoTests;
				PRODUCT_NAME = "$(TARGET_NAME)";
				TEST_HOST = "$(BUILT_PRODUCTS_DIR)/HRWeiBo.app/HRWeiBo";
			};
			name = Release;
		};
		44A669BF1C0BE1E700432DA5 /* Debug */ = {
			isa = XCBuildConfiguration;
			buildSettings = {
				INFOPLIST_FILE = HRWeiBoUITests/Info.plist;
				LD_RUNPATH_SEARCH_PATHS = "$(inherited) @executable_path/Frameworks @loader_path/Frameworks";
				PRODUCT_BUNDLE_IDENTIFIER = com.hr.HRWeiBoUITests;
				PRODUCT_NAME = "$(TARGET_NAME)";
				TEST_TARGET_NAME = HRWeiBo;
				USES_XCTRUNNER = YES;
			};
			name = Debug;
		};
		44A669C01C0BE1E700432DA5 /* Release */ = {
			isa = XCBuildConfiguration;
			buildSettings = {
				INFOPLIST_FILE = HRWeiBoUITests/Info.plist;
				LD_RUNPATH_SEARCH_PATHS = "$(inherited) @executable_path/Frameworks @loader_path/Frameworks";
				PRODUCT_BUNDLE_IDENTIFIER = com.hr.HRWeiBoUITests;
				PRODUCT_NAME = "$(TARGET_NAME)";
				TEST_TARGET_NAME = HRWeiBo;
				USES_XCTRUNNER = YES;
			};
			name = Release;
		};
/* End XCBuildConfiguration section */

/* Begin XCConfigurationList section */
		44A669831C0BE1E700432DA5 /* Build configuration list for PBXProject "HRWeiBo" */ = {
			isa = XCConfigurationList;
			buildConfigurations = (
				44A669B61C0BE1E700432DA5 /* Debug */,
				44A669B71C0BE1E700432DA5 /* Release */,
			);
			defaultConfigurationIsVisible = 0;
			defaultConfigurationName = Release;
		};
		44A669B81C0BE1E700432DA5 /* Build configuration list for PBXNativeTarget "HRWeiBo" */ = {
			isa = XCConfigurationList;
			buildConfigurations = (
				44A669B91C0BE1E700432DA5 /* Debug */,
				44A669BA1C0BE1E700432DA5 /* Release */,
			);
			defaultConfigurationIsVisible = 0;
			defaultConfigurationName = Release;
		};
		44A669BB1C0BE1E700432DA5 /* Build configuration list for PBXNativeTarget "HRWeiBoTests" */ = {
			isa = XCConfigurationList;
			buildConfigurations = (
				44A669BC1C0BE1E700432DA5 /* Debug */,
				44A669BD1C0BE1E700432DA5 /* Release */,
			);
			defaultConfigurationIsVisible = 0;
			defaultConfigurationName = Release;
		};
		44A669BE1C0BE1E700432DA5 /* Build configuration list for PBXNativeTarget "HRWeiBoUITests" */ = {
			isa = XCConfigurationList;
			buildConfigurations = (
				44A669BF1C0BE1E700432DA5 /* Debug */,
				44A669C01C0BE1E700432DA5 /* Release */,
			);
			defaultConfigurationIsVisible = 0;
			defaultConfigurationName = Release;
		};
/* End XCConfigurationList section */

/* Begin XCVersionGroup section */
		44A669971C0BE1E700432DA5 /* HRWeiBo.xcdatamodeld */ = {
			isa = XCVersionGroup;
			children = (
				44A669981C0BE1E700432DA5 /* HRWeiBo.xcdatamodel */,
			);
			currentVersion = 44A669981C0BE1E700432DA5 /* HRWeiBo.xcdatamodel */;
			path = HRWeiBo.xcdatamodeld;
			sourceTree = "<group>";
			versionGroupType = wrapper.xcdatamodel;
		};
/* End XCVersionGroup section */
	};
	rootObject = 44A669801C0BE1E700432DA5 /* Project object */;
}
